
Microsoft Visual Studio Solution File, Format Version 12.00
# Visual Studio Version 17
VisualStudioVersion = 17.2.32630.192
MinimumVisualStudioVersion = 10.0.40219.1
Project("{9A19103F-16F7-4668-BE54-9A1E7A4F7556}") = "CalidadDefectos", "CalidadDefectos\CalidadDefectos.csproj", "{D6DC5EAC-854C-4992-B71C-6178692B5416}"
EndProject
Global
	GlobalSection(SolutionConfigurationPlatforms) = preSolution
		Debug|Any CPU = Debug|Any CPU
		Release|Any CPU = Release|Any CPU
	EndGlobalSection
	GlobalSection(ProjectConfigurationPlatforms) = postSolution
		{D6DC5EAC-854C-4992-B71C-6178692B5416}.Debug|Any CPU.ActiveCfg = Debug|Any CPU
		{D6DC5EAC-854C-4992-B71C-6178692B5416}.Debug|Any CPU.Build.0 = Debug|Any CPU
		{D6DC5EAC-854C-4992-B71C-6178692B5416}.Release|Any CPU.ActiveCfg = Release|Any CPU
		{D6DC5EAC-854C-4992-B71C-6178692B5416}.Release|Any CPU.Build.0 = Release|Any CPU
	EndGlobalSection
	GlobalSection(SolutionProperties) = preSolution
		HideSolutionNode = FALSE
	EndGlobalSection
	GlobalSection(ExtensibilityGlobals) = postSolution
		SolutionGuid = {2BEF7983-286A-4B77-A9C5-6FFA507F0FE6}
	EndGlobalSection
EndGlobal
